
Microsoft Visual Studio Solution File, Format Version 12.00
# Visual Studio Version 17
VisualStudioVersion = 17.13.35825.156 d17.13
MinimumVisualStudioVersion = 10.0.40219.1
Project("{FAE04EC0-301F-11D3-BF4B-00C04F79EFBC}") = "Authentication2", "Authentication2\Authentication2.csproj", "{1E35FDBD-A9F7-40A3-8A54-8CB2F71BABA2}"
EndProject
Global
	GlobalSection(SolutionConfigurationPlatforms) = preSolution
		Debug|Any CPU = Debug|Any CPU
		Release|Any CPU = Release|Any CPU
	EndGlobalSection
	GlobalSection(ProjectConfigurationPlatforms) = postSolution
		{1E35FDBD-A9F7-40A3-8A54-8CB2F71BABA2}.Debug|Any CPU.ActiveCfg = Debug|Any CPU
		{1E35FDBD-A9F7-40A3-8A54-8CB2F71BABA2}.Debug|Any CPU.Build.0 = Debug|Any CPU
		{1E35FDBD-A9F7-40A3-8A54-8CB2F71BABA2}.Release|Any CPU.ActiveCfg = Release|Any CPU
		{1E35FDBD-A9F7-40A3-8A54-8CB2F71BABA2}.Release|Any CPU.Build.0 = Release|Any CPU
	EndGlobalSection
	GlobalSection(SolutionProperties) = preSolution
		HideSolutionNode = FALSE
	EndGlobalSection
	GlobalSection(ExtensibilityGlobals) = postSolution
		SolutionGuid = {08750C8A-718C-433C-98D4-59B5983013A5}
	EndGlobalSection
EndGlobal
